
Microsoft Visual Studio Solution File, Format Version 12.00
# Visual Studio 2012
Project("{FAE04EC0-301F-11D3-BF4B-00C04F79EFBC}") = "IntradayServices", "IntradayServices\IntradayServices.csproj", "{34CFCB76-7D2A-4D66-8CBF-B9C26113E377}"
EndProject
Project("{FAE04EC0-301F-11D3-BF4B-00C04F79EFBC}") = "IntradayServicesTests", "UnitTestProject1\IntradayServicesTests.csproj", "{3ECDC7C1-0EB6-4F17-8CFC-86905D0304EA}"
EndProject
Global
	GlobalSection(SolutionConfigurationPlatforms) = preSolution
		Debug|Any CPU = Debug|Any CPU
		Release|Any CPU = Release|Any CPU
	EndGlobalSection
	GlobalSection(ProjectConfigurationPlatforms) = postSolution
		{34CFCB76-7D2A-4D66-8CBF-B9C26113E377}.Debug|Any CPU.ActiveCfg = Debug|Any CPU
		{34CFCB76-7D2A-4D66-8CBF-B9C26113E377}.Debug|Any CPU.Build.0 = Debug|Any CPU
		{34CFCB76-7D2A-4D66-8CBF-B9C26113E377}.Release|Any CPU.ActiveCfg = Release|Any CPU
		{34CFCB76-7D2A-4D66-8CBF-B9C26113E377}.Release|Any CPU.Build.0 = Release|Any CPU
		{3ECDC7C1-0EB6-4F17-8CFC-86905D0304EA}.Debug|Any CPU.ActiveCfg = Debug|Any CPU
		{3ECDC7C1-0EB6-4F17-8CFC-86905D0304EA}.Debug|Any CPU.Build.0 = Debug|Any CPU
		{3ECDC7C1-0EB6-4F17-8CFC-86905D0304EA}.Release|Any CPU.ActiveCfg = Release|Any CPU
		{3ECDC7C1-0EB6-4F17-8CFC-86905D0304EA}.Release|Any CPU.Build.0 = Release|Any CPU
	EndGlobalSection
	GlobalSection(SolutionProperties) = preSolution
		HideSolutionNode = FALSE
	EndGlobalSection
	GlobalSection(ExtensibilityGlobals) = postSolution
		EnterpriseLibraryConfigurationToolBinariesPathV6 = packages\EnterpriseLibrary.Common.6.0.1304.0\lib\NET45;packages\EnterpriseLibrary.Logging.6.0.1304.0\lib\NET45
	EndGlobalSection
EndGlobal
